
Microsoft Visual Studio Solution File, Format Version 12.00
# Visual Studio 14
VisualStudioVersion = 14.0.25420.1
MinimumVisualStudioVersion = 10.0.40219.1
Project("{D954291E-2A0B-460D-934E-DC6B0785DB48}") = "xamarin_forms_demo", "xamarin forms demo\xamarin_forms_demo\xamarin_forms_demo.shproj", "{F39D9271-E946-4108-8EEA-D3C978825B5D}"
EndProject
Project("{FAE04EC0-301F-11D3-BF4B-00C04F79EFBC}") = "xamarin_forms_demo.Droid", "xamarin forms demo\xamarin_forms_demo.Droid\xamarin_forms_demo.Droid.csproj", "{0AAC4E50-7A53-454A-8F2A-8BB24ABA5E40}"
EndProject
Project("{FAE04EC0-301F-11D3-BF4B-00C04F79EFBC}") = "xamarin_forms_demo.iOS", "xamarin forms demo\xamarin_forms_demo.iOS\xamarin_forms_demo.iOS.csproj", "{07AF6ED8-4DA2-4F36-8807-83C02DBB34D3}"
EndProject
Project("{FAE04EC0-301F-11D3-BF4B-00C04F79EFBC}") = "xamarin_forms_demo.WinPhone", "xamarin forms demo\xamarin_forms_demo.WinPhone\xamarin_forms_demo.WinPhone.csproj", "{6B13976C-049A-4AB5-9257-68CE886EFC16}"
EndProject
Project("{FAE04EC0-301F-11D3-BF4B-00C04F79EFBC}") = "xamarin_forms_demo.Windows", "xamarin forms demo\xamarin_forms_demo.Windows\xamarin_forms_demo.Windows.csproj", "{5D7C4110-8728-4DCA-87E5-FA4611AF2055}"
EndProject
Global
	GlobalSection(SharedMSBuildProjectFiles) = preSolution
		xamarin forms demo\xamarin_forms_demo\xamarin_forms_demo.projitems*{07af6ed8-4da2-4f36-8807-83c02dbb34d3}*SharedItemsImports = 4
		xamarin forms demo\xamarin_forms_demo\xamarin_forms_demo.projitems*{0aac4e50-7a53-454a-8f2a-8bb24aba5e40}*SharedItemsImports = 4
		xamarin forms demo\xamarin_forms_demo\xamarin_forms_demo.projitems*{5d7c4110-8728-4dca-87e5-fa4611af2055}*SharedItemsImports = 4
		xamarin forms demo\xamarin_forms_demo\xamarin_forms_demo.projitems*{6b13976c-049a-4ab5-9257-68ce886efc16}*SharedItemsImports = 4
		xamarin forms demo\xamarin_forms_demo\xamarin_forms_demo.projitems*{f39d9271-e946-4108-8eea-d3c978825b5d}*SharedItemsImports = 13
	EndGlobalSection
	GlobalSection(SolutionConfigurationPlatforms) = preSolution
		Ad-Hoc|Any CPU = Ad-Hoc|Any CPU
		Ad-Hoc|ARM = Ad-Hoc|ARM
		Ad-Hoc|iPhone = Ad-Hoc|iPhone
		Ad-Hoc|iPhoneSimulator = Ad-Hoc|iPhoneSimulator
		Ad-Hoc|x64 = Ad-Hoc|x64
		Ad-Hoc|x86 = Ad-Hoc|x86
		AppStore|Any CPU = AppStore|Any CPU
		AppStore|ARM = AppStore|ARM
		AppStore|iPhone = AppStore|iPhone
		AppStore|iPhoneSimulator = AppStore|iPhoneSimulator
		AppStore|x64 = AppStore|x64
		AppStore|x86 = AppStore|x86
		Debug|Any CPU = Debug|Any CPU
		Debug|ARM = Debug|ARM
		Debug|iPhone = Debug|iPhone
		Debug|iPhoneSimulator = Debug|iPhoneSimulator
		Debug|x64 = Debug|x64
		Debug|x86 = Debug|x86
		Release|Any CPU = Release|Any CPU
		Release|ARM = Release|ARM
		Release|iPhone = Release|iPhone
		Release|iPhoneSimulator = Release|iPhoneSimulator
		Release|x64 = Release|x64
		Release|x86 = Release|x86
	EndGlobalSection
	GlobalSection(ProjectConfigurationPlatforms) = postSolution
		{0AAC4E50-7A53-454A-8F2A-8BB24ABA5E40}.Ad-Hoc|Any CPU.ActiveCfg = Release|Any CPU
		{0AAC4E50-7A53-454A-8F2A-8BB24ABA5E40}.Ad-Hoc|Any CPU.Build.0 = Release|Any CPU
		{0AAC4E50-7A53-454A-8F2A-8BB24ABA5E40}.Ad-Hoc|Any CPU.Deploy.0 = Release|Any CPU
		{0AAC4E50-7A53-454A-8F2A-8BB24ABA5E40}.Ad-Hoc|ARM.ActiveCfg = Release|Any CPU
		{0AAC4E50-7A53-454A-8F2A-8BB24ABA5E40}.Ad-Hoc|ARM.Build.0 = Release|Any CPU
		{0AAC4E50-7A53-454A-8F2A-8BB24ABA5E40}.Ad-Hoc|ARM.Deploy.0 = Release|Any CPU
		{0AAC4E50-7A53-454A-8F2A-8BB24ABA5E40}.Ad-Hoc|iPhone.ActiveCfg = Release|Any CPU
		{0AAC4E50-7A53-454A-8F2A-8BB24ABA5E40}.Ad-Hoc|iPhone.Build.0 = Release|Any CPU
		{0AAC4E50-7A53-454A-8F2A-8BB24ABA5E40}.Ad-Hoc|iPhone.Deploy.0 = Release|Any CPU
		{0AAC4E50-7A53-454A-8F2A-8BB24ABA5E40}.Ad-Hoc|iPhoneSimulator.ActiveCfg = Release|Any CPU
		{0AAC4E50-7A53-454A-8F2A-8BB24ABA5E40}.Ad-Hoc|iPhoneSimulator.Build.0 = Release|Any CPU
		{0AAC4E50-7A53-454A-8F2A-8BB24ABA5E40}.Ad-Hoc|iPhoneSimulator.Deploy.0 = Release|Any CPU
		{0AAC4E50-7A53-454A-8F2A-8BB24ABA5E40}.Ad-Hoc|x64.ActiveCfg = Release|Any CPU
		{0AAC4E50-7A53-454A-8F2A-8BB24ABA5E40}.Ad-Hoc|x64.Build.0 = Release|Any CPU
		{0AAC4E50-7A53-454A-8F2A-8BB24ABA5E40}.Ad-Hoc|x64.Deploy.0 = Release|Any CPU
		{0AAC4E50-7A53-454A-8F2A-8BB24ABA5E40}.Ad-Hoc|x86.ActiveCfg = Release|Any CPU
		{0AAC4E50-7A53-454A-8F2A-8BB24ABA5E40}.Ad-Hoc|x86.Build.0 = Release|Any CPU
		{0AAC4E50-7A53-454A-8F2A-8BB24ABA5E40}.Ad-Hoc|x86.Deploy.0 = Release|Any CPU
		{0AAC4E50-7A53-454A-8F2A-8BB24ABA5E40}.AppStore|Any CPU.ActiveCfg = Release|Any CPU
		{0AAC4E50-7A53-454A-8F2A-8BB24ABA5E40}.AppStore|Any CPU.Build.0 = Release|Any CPU
		{0AAC4E50-7A53-454A-8F2A-8BB24ABA5E40}.AppStore|Any CPU.Deploy.0 = Release|Any CPU
		{0AAC4E50-7A53-454A-8F2A-8BB24ABA5E40}.AppStore|ARM.ActiveCfg = Release|Any CPU
		{0AAC4E50-7A53-454A-8F2A-8BB24ABA5E40}.AppStore|ARM.Build.0 = Release|Any CPU
		{0AAC4E50-7A53-454A-8F2A-8BB24ABA5E40}.AppStore|ARM.Deploy.0 = Release|Any CPU
		{0AAC4E50-7A53-454A-8F2A-8BB24ABA5E40}.AppStore|iPhone.ActiveCfg = Release|Any CPU
		{0AAC4E50-7A53-454A-8F2A-8BB24ABA5E40}.AppStore|iPhone.Build.0 = Release|Any CPU
		{0AAC4E50-7A53-454A-8F2A-8BB24ABA5E40}.AppStore|iPhone.Deploy.0 = Release|Any CPU
		{0AAC4E50-7A53-454A-8F2A-8BB24ABA5E40}.AppStore|iPhoneSimulator.ActiveCfg = Release|Any CPU
		{0AAC4E50-7A53-454A-8F2A-8BB24ABA5E40}.AppStore|iPhoneSimulator.Build.0 = Release|Any CPU
		{0AAC4E50-7A53-454A-8F2A-8BB24ABA5E40}.AppStore|iPhoneSimulator.Deploy.0 = Release|Any CPU
		{0AAC4E50-7A53-454A-8F2A-8BB24ABA5E40}.AppStore|x64.ActiveCfg = Release|Any CPU
		{0AAC4E50-7A53-454A-8F2A-8BB24ABA5E40}.AppStore|x64.Build.0 = Release|Any CPU
		{0AAC4E50-7A53-454A-8F2A-8BB24ABA5E40}.AppStore|x64.Deploy.0 = Release|Any CPU
		{0AAC4E50-7A53-454A-8F2A-8BB24ABA5E40}.AppStore|x86.ActiveCfg = Release|Any CPU
		{0AAC4E50-7A53-454A-8F2A-8BB24ABA5E40}.AppStore|x86.Build.0 = Release|Any CPU
		{0AAC4E50-7A53-454A-8F2A-8BB24ABA5E40}.AppStore|x86.Deploy.0 = Release|Any CPU
		{0AAC4E50-7A53-454A-8F2A-8BB24ABA5E40}.Debug|Any CPU.ActiveCfg = Debug|Any CPU
		{0AAC4E50-7A53-454A-8F2A-8BB24ABA5E40}.Debug|Any CPU.Build.0 = Debug|Any CPU
		{0AAC4E50-7A53-454A-8F2A-8BB24ABA5E40}.Debug|Any CPU.Deploy.0 = Debug|Any CPU
		{0AAC4E50-7A53-454A-8F2A-8BB24ABA5E40}.Debug|ARM.ActiveCfg = Debug|Any CPU
		{0AAC4E50-7A53-454A-8F2A-8BB24ABA5E40}.Debug|ARM.Build.0 = Debug|Any CPU
		{0AAC4E50-7A53-454A-8F2A-8BB24ABA5E40}.Debug|ARM.Deploy.0 = Debug|Any CPU
		{0AAC4E50-7A53-454A-8F2A-8BB24ABA5E40}.Debug|iPhone.ActiveCfg = Debug|Any CPU
		{0AAC4E50-7A53-454A-8F2A-8BB24ABA5E40}.Debug|iPhone.Build.0 = Debug|Any CPU
		{0AAC4E50-7A53-454A-8F2A-8BB24ABA5E40}.Debug|iPhone.Deploy.0 = Debug|Any CPU
		{0AAC4E50-7A53-454A-8F2A-8BB24ABA5E40}.Debug|iPhoneSimulator.ActiveCfg = Debug|Any CPU
		{0AAC4E50-7A53-454A-8F2A-8BB24ABA5E40}.Debug|iPhoneSimulator.Build.0 = Debug|Any CPU
		{0AAC4E50-7A53-454A-8F2A-8BB24ABA5E40}.Debug|iPhoneSimulator.Deploy.0 = Debug|Any CPU
		{0AAC4E50-7A53-454A-8F2A-8BB24ABA5E40}.Debug|x64.ActiveCfg = Debug|Any CPU
		{0AAC4E50-7A53-454A-8F2A-8BB24ABA5E40}.Debug|x64.Build.0 = Debug|Any CPU
		{0AAC4E50-7A53-454A-8F2A-8BB24ABA5E40}.Debug|x64.Deploy.0 = Debug|Any CPU
		{0AAC4E50-7A53-454A-8F2A-8BB24ABA5E40}.Debug|x86.ActiveCfg = Debug|Any CPU
		{0AAC4E50-7A53-454A-8F2A-8BB24ABA5E40}.Debug|x86.Build.0 = Debug|Any CPU
		{0AAC4E50-7A53-454A-8F2A-8BB24ABA5E40}.Debug|x86.Deploy.0 = Debug|Any CPU
		{0AAC4E50-7A53-454A-8F2A-8BB24ABA5E40}.Release|Any CPU.ActiveCfg = Release|Any CPU
		{0AAC4E50-7A53-454A-8F2A-8BB24ABA5E40}.Release|Any CPU.Build.0 = Release|Any CPU
		{0AAC4E50-7A53-454A-8F2A-8BB24ABA5E40}.Release|Any CPU.Deploy.0 = Release|Any CPU
		{0AAC4E50-7A53-454A-8F2A-8BB24ABA5E40}.Release|ARM.ActiveCfg = Release|Any CPU
		{0AAC4E50-7A53-454A-8F2A-8BB24ABA5E40}.Release|ARM.Build.0 = Release|Any CPU
		{0AAC4E50-7A53-454A-8F2A-8BB24ABA5E40}.Release|ARM.Deploy.0 = Release|Any CPU
		{0AAC4E50-7A53-454A-8F2A-8BB24ABA5E40}.Release|iPhone.ActiveCfg = Release|Any CPU
		{0AAC4E50-7A53-454A-8F2A-8BB24ABA5E40}.Release|iPhone.Build.0 = Release|Any CPU
		{0AAC4E50-7A53-454A-8F2A-8BB24ABA5E40}.Release|iPhone.Deploy.0 = Release|Any CPU
		{0AAC4E50-7A53-454A-8F2A-8BB24ABA5E40}.Release|iPhoneSimulator.ActiveCfg = Release|Any CPU
		{0AAC4E50-7A53-454A-8F2A-8BB24ABA5E40}.Release|iPhoneSimulator.Build.0 = Release|Any CPU
		{0AAC4E50-7A53-454A-8F2A-8BB24ABA5E40}.Release|iPhoneSimulator.Deploy.0 = Release|Any CPU
		{0AAC4E50-7A53-454A-8F2A-8BB24ABA5E40}.Release|x64.ActiveCfg = Release|Any CPU
		{0AAC4E50-7A53-454A-8F2A-8BB24ABA5E40}.Release|x64.Build.0 = Release|Any CPU
		{0AAC4E50-7A53-454A-8F2A-8BB24ABA5E40}.Release|x64.Deploy.0 = Release|Any CPU
		{0AAC4E50-7A53-454A-8F2A-8BB24ABA5E40}.Release|x86.ActiveCfg = Release|Any CPU
		{0AAC4E50-7A53-454A-8F2A-8BB24ABA5E40}.Release|x86.Build.0 = Release|Any CPU
		{0AAC4E50-7A53-454A-8F2A-8BB24ABA5E40}.Release|x86.Deploy.0 = Release|Any CPU
		{07AF6ED8-4DA2-4F36-8807-83C02DBB34D3}.Ad-Hoc|Any CPU.ActiveCfg = Ad-Hoc|iPhone
		{07AF6ED8-4DA2-4F36-8807-83C02DBB34D3}.Ad-Hoc|ARM.ActiveCfg = Ad-Hoc|iPhone
		{07AF6ED8-4DA2-4F36-8807-83C02DBB34D3}.Ad-Hoc|iPhone.ActiveCfg = Ad-Hoc|iPhone
		{07AF6ED8-4DA2-4F36-8807-83C02DBB34D3}.Ad-Hoc|iPhone.Build.0 = Ad-Hoc|iPhone
		{07AF6ED8-4DA2-4F36-8807-83C02DBB34D3}.Ad-Hoc|iPhoneSimulator.ActiveCfg = Ad-Hoc|iPhoneSimulator
		{07AF6ED8-4DA2-4F36-8807-83C02DBB34D3}.Ad-Hoc|iPhoneSimulator.Build.0 = Ad-Hoc|iPhoneSimulator
		{07AF6ED8-4DA2-4F36-8807-83C02DBB34D3}.Ad-Hoc|x64.ActiveCfg = Ad-Hoc|iPhone
		{07AF6ED8-4DA2-4F36-8807-83C02DBB34D3}.Ad-Hoc|x86.ActiveCfg = Ad-Hoc|iPhone
		{07AF6ED8-4DA2-4F36-8807-83C02DBB34D3}.AppStore|Any CPU.ActiveCfg = AppStore|iPhone
		{07AF6ED8-4DA2-4F36-8807-83C02DBB34D3}.AppStore|ARM.ActiveCfg = AppStore|iPhone
		{07AF6ED8-4DA2-4F36-8807-83C02DBB34D3}.AppStore|iPhone.ActiveCfg = AppStore|iPhone
		{07AF6ED8-4DA2-4F36-8807-83C02DBB34D3}.AppStore|iPhone.Build.0 = AppStore|iPhone
		{07AF6ED8-4DA2-4F36-8807-83C02DBB34D3}.AppStore|iPhoneSimulator.ActiveCfg = AppStore|iPhoneSimulator
		{07AF6ED8-4DA2-4F36-8807-83C02DBB34D3}.AppStore|iPhoneSimulator.Build.0 = AppStore|iPhoneSimulator
		{07AF6ED8-4DA2-4F36-8807-83C02DBB34D3}.AppStore|x64.ActiveCfg = AppStore|iPhone
		{07AF6ED8-4DA2-4F36-8807-83C02DBB34D3}.AppStore|x86.ActiveCfg = AppStore|iPhone
		{07AF6ED8-4DA2-4F36-8807-83C02DBB34D3}.Debug|Any CPU.ActiveCfg = Debug|iPhone
		{07AF6ED8-4DA2-4F36-8807-83C02DBB34D3}.Debug|ARM.ActiveCfg = Debug|iPhone
		{07AF6ED8-4DA2-4F36-8807-83C02DBB34D3}.Debug|iPhone.ActiveCfg = Debug|iPhone
		{07AF6ED8-4DA2-4F36-8807-83C02DBB34D3}.Debug|iPhone.Build.0 = Debug|iPhone
		{07AF6ED8-4DA2-4F36-8807-83C02DBB34D3}.Debug|iPhoneSimulator.ActiveCfg = Debug|iPhoneSimulator
		{07AF6ED8-4DA2-4F36-8807-83C02DBB34D3}.Debug|iPhoneSimulator.Build.0 = Debug|iPhoneSimulator
		{07AF6ED8-4DA2-4F36-8807-83C02DBB34D3}.Debug|x64.ActiveCfg = Debug|iPhone
		{07AF6ED8-4DA2-4F36-8807-83C02DBB34D3}.Debug|x86.ActiveCfg = Debug|iPhone
		{07AF6ED8-4DA2-4F36-8807-83C02DBB34D3}.Release|Any CPU.ActiveCfg = Release|iPhone
		{07AF6ED8-4DA2-4F36-8807-83C02DBB34D3}.Release|ARM.ActiveCfg = Release|iPhone
		{07AF6ED8-4DA2-4F36-8807-83C02DBB34D3}.Release|iPhone.ActiveCfg = Release|iPhone
		{07AF6ED8-4DA2-4F36-8807-83C02DBB34D3}.Release|iPhone.Build.0 = Release|iPhone
		{07AF6ED8-4DA2-4F36-8807-83C02DBB34D3}.Release|iPhoneSimulator.ActiveCfg = Release|iPhoneSimulator
		{07AF6ED8-4DA2-4F36-8807-83C02DBB34D3}.Release|iPhoneSimulator.Build.0 = Release|iPhoneSimulator
		{07AF6ED8-4DA2-4F36-8807-83C02DBB34D3}.Release|x64.ActiveCfg = Release|iPhone
		{07AF6ED8-4DA2-4F36-8807-83C02DBB34D3}.Release|x86.ActiveCfg = Release|iPhone
		{6B13976C-049A-4AB5-9257-68CE886EFC16}.Ad-Hoc|Any CPU.ActiveCfg = Release|Any CPU
		{6B13976C-049A-4AB5-9257-68CE886EFC16}.Ad-Hoc|Any CPU.Build.0 = Release|Any CPU
		{6B13976C-049A-4AB5-9257-68CE886EFC16}.Ad-Hoc|Any CPU.Deploy.0 = Release|Any CPU
		{6B13976C-049A-4AB5-9257-68CE886EFC16}.Ad-Hoc|ARM.ActiveCfg = Release|ARM
		{6B13976C-049A-4AB5-9257-68CE886EFC16}.Ad-Hoc|ARM.Build.0 = Release|ARM
		{6B13976C-049A-4AB5-9257-68CE886EFC16}.Ad-Hoc|ARM.Deploy.0 = Release|ARM
		{6B13976C-049A-4AB5-9257-68CE886EFC16}.Ad-Hoc|iPhone.ActiveCfg = Release|Any CPU
		{6B13976C-049A-4AB5-9257-68CE886EFC16}.Ad-Hoc|iPhone.Build.0 = Release|Any CPU
		{6B13976C-049A-4AB5-9257-68CE886EFC16}.Ad-Hoc|iPhone.Deploy.0 = Release|Any CPU
		{6B13976C-049A-4AB5-9257-68CE886EFC16}.Ad-Hoc|iPhoneSimulator.ActiveCfg = Release|Any CPU
		{6B13976C-049A-4AB5-9257-68CE886EFC16}.Ad-Hoc|iPhoneSimulator.Build.0 = Release|Any CPU
		{6B13976C-049A-4AB5-9257-68CE886EFC16}.Ad-Hoc|iPhoneSimulator.Deploy.0 = Release|Any CPU
		{6B13976C-049A-4AB5-9257-68CE886EFC16}.Ad-Hoc|x64.ActiveCfg = Release|Any CPU
		{6B13976C-049A-4AB5-9257-68CE886EFC16}.Ad-Hoc|x64.Build.0 = Release|Any CPU
		{6B13976C-049A-4AB5-9257-68CE886EFC16}.Ad-Hoc|x64.Deploy.0 = Release|Any CPU
		{6B13976C-049A-4AB5-9257-68CE886EFC16}.Ad-Hoc|x86.ActiveCfg = Release|x86
		{6B13976C-049A-4AB5-9257-68CE886EFC16}.Ad-Hoc|x86.Build.0 = Release|x86
		{6B13976C-049A-4AB5-9257-68CE886EFC16}.Ad-Hoc|x86.Deploy.0 = Release|x86
		{6B13976C-049A-4AB5-9257-68CE886EFC16}.AppStore|Any CPU.ActiveCfg = Release|Any CPU
		{6B13976C-049A-4AB5-9257-68CE886EFC16}.AppStore|Any CPU.Build.0 = Release|Any CPU
		{6B13976C-049A-4AB5-9257-68CE886EFC16}.AppStore|Any CPU.Deploy.0 = Release|Any CPU
		{6B13976C-049A-4AB5-9257-68CE886EFC16}.AppStore|ARM.ActiveCfg = Release|ARM
		{6B13976C-049A-4AB5-9257-68CE886EFC16}.AppStore|ARM.Build.0 = Release|ARM
		{6B13976C-049A-4AB5-9257-68CE886EFC16}.AppStore|ARM.Deploy.0 = Release|ARM
		{6B13976C-049A-4AB5-9257-68CE886EFC16}.AppStore|iPhone.ActiveCfg = Release|Any CPU
		{6B13976C-049A-4AB5-9257-68CE886EFC16}.AppStore|iPhone.Build.0 = Release|Any CPU
		{6B13976C-049A-4AB5-9257-68CE886EFC16}.AppStore|iPhone.Deploy.0 = Release|Any CPU
		{6B13976C-049A-4AB5-9257-68CE886EFC16}.AppStore|iPhoneSimulator.ActiveCfg = Release|Any CPU
		{6B13976C-049A-4AB5-9257-68CE886EFC16}.AppStore|iPhoneSimulator.Build.0 = Release|Any CPU
		{6B13976C-049A-4AB5-9257-68CE886EFC16}.AppStore|iPhoneSimulator.Deploy.0 = Release|Any CPU
		{6B13976C-049A-4AB5-9257-68CE886EFC16}.AppStore|x64.ActiveCfg = Release|Any CPU
		{6B13976C-049A-4AB5-9257-68CE886EFC16}.AppStore|x64.Build.0 = Release|Any CPU
		{6B13976C-049A-4AB5-9257-68CE886EFC16}.AppStore|x64.Deploy.0 = Release|Any CPU
		{6B13976C-049A-4AB5-9257-68CE886EFC16}.AppStore|x86.ActiveCfg = Release|x86
		{6B13976C-049A-4AB5-9257-68CE886EFC16}.AppStore|x86.Build.0 = Release|x86
		{6B13976C-049A-4AB5-9257-68CE886EFC16}.AppStore|x86.Deploy.0 = Release|x86
		{6B13976C-049A-4AB5-9257-68CE886EFC16}.Debug|Any CPU.ActiveCfg = Debug|Any CPU
		{6B13976C-049A-4AB5-9257-68CE886EFC16}.Debug|Any CPU.Build.0 = Debug|Any CPU
		{6B13976C-049A-4AB5-9257-68CE886EFC16}.Debug|Any CPU.Deploy.0 = Debug|Any CPU
		{6B13976C-049A-4AB5-9257-68CE886EFC16}.Debug|ARM.ActiveCfg = Debug|ARM
		{6B13976C-049A-4AB5-9257-68CE886EFC16}.Debug|ARM.Build.0 = Debug|ARM
		{6B13976C-049A-4AB5-9257-68CE886EFC16}.Debug|ARM.Deploy.0 = Debug|ARM
		{6B13976C-049A-4AB5-9257-68CE886EFC16}.Debug|iPhone.ActiveCfg = Debug|Any CPU
		{6B13976C-049A-4AB5-9257-68CE886EFC16}.Debug|iPhone.Build.0 = Debug|Any CPU
		{6B13976C-049A-4AB5-9257-68CE886EFC16}.Debug|iPhone.Deploy.0 = Debug|Any CPU
		{6B13976C-049A-4AB5-9257-68CE886EFC16}.Debug|iPhoneSimulator.ActiveCfg = Debug|Any CPU
		{6B13976C-049A-4AB5-9257-68CE886EFC16}.Debug|iPhoneSimulator.Build.0 = Debug|Any CPU
		{6B13976C-049A-4AB5-9257-68CE886EFC16}.Debug|iPhoneSimulator.Deploy.0 = Debug|Any CPU
		{6B13976C-049A-4AB5-9257-68CE886EFC16}.Debug|x64.ActiveCfg = Debug|Any CPU
		{6B13976C-049A-4AB5-9257-68CE886EFC16}.Debug|x64.Build.0 = Debug|Any CPU
		{6B13976C-049A-4AB5-9257-68CE886EFC16}.Debug|x64.Deploy.0 = Debug|Any CPU
		{6B13976C-049A-4AB5-9257-68CE886EFC16}.Debug|x86.ActiveCfg = Debug|x86
		{6B13976C-049A-4AB5-9257-68CE886EFC16}.Debug|x86.Build.0 = Debug|x86
		{6B13976C-049A-4AB5-9257-68CE886EFC16}.Debug|x86.Deploy.0 = Debug|x86
		{6B13976C-049A-4AB5-9257-68CE886EFC16}.Release|Any CPU.ActiveCfg = Release|Any CPU
		{6B13976C-049A-4AB5-9257-68CE886EFC16}.Release|Any CPU.Build.0 = Release|Any CPU
		{6B13976C-049A-4AB5-9257-68CE886EFC16}.Release|Any CPU.Deploy.0 = Release|Any CPU
		{6B13976C-049A-4AB5-9257-68CE886EFC16}.Release|ARM.ActiveCfg = Release|ARM
		{6B13976C-049A-4AB5-9257-68CE886EFC16}.Release|ARM.Build.0 = Release|ARM
		{6B13976C-049A-4AB5-9257-68CE886EFC16}.Release|ARM.Deploy.0 = Release|ARM
		{6B13976C-049A-4AB5-9257-68CE886EFC16}.Release|iPhone.ActiveCfg = Release|Any CPU
		{6B13976C-049A-4AB5-9257-68CE886EFC16}.Release|iPhone.Build.0 = Release|Any CPU
		{6B13976C-049A-4AB5-9257-68CE886EFC16}.Release|iPhone.Deploy.0 = Release|Any CPU
		{6B13976C-049A-4AB5-9257-68CE886EFC16}.Release|iPhoneSimulator.ActiveCfg = Release|Any CPU
		{6B13976C-049A-4AB5-9257-68CE886EFC16}.Release|iPhoneSimulator.Build.0 = Release|Any CPU
		{6B13976C-049A-4AB5-9257-68CE886EFC16}.Release|iPhoneSimulator.Deploy.0 = Release|Any CPU
		{6B13976C-049A-4AB5-9257-68CE886EFC16}.Release|x64.ActiveCfg = Release|Any CPU
		{6B13976C-049A-4AB5-9257-68CE886EFC16}.Release|x64.Build.0 = Release|Any CPU
		{6B13976C-049A-4AB5-9257-68CE886EFC16}.Release|x64.Deploy.0 = Release|Any CPU
		{6B13976C-049A-4AB5-9257-68CE886EFC16}.Release|x86.ActiveCfg = Release|x86
		{6B13976C-049A-4AB5-9257-68CE886EFC16}.Release|x86.Build.0 = Release|x86
		{6B13976C-049A-4AB5-9257-68CE886EFC16}.Release|x86.Deploy.0 = Release|x86
		{5D7C4110-8728-4DCA-87E5-FA4611AF2055}.Ad-Hoc|Any CPU.ActiveCfg = Release|Any CPU
		{5D7C4110-8728-4DCA-87E5-FA4611AF2055}.Ad-Hoc|Any CPU.Build.0 = Release|Any CPU
		{5D7C4110-8728-4DCA-87E5-FA4611AF2055}.Ad-Hoc|Any CPU.Deploy.0 = Release|Any CPU
		{5D7C4110-8728-4DCA-87E5-FA4611AF2055}.Ad-Hoc|ARM.ActiveCfg = Release|ARM
		{5D7C4110-8728-4DCA-87E5-FA4611AF2055}.Ad-Hoc|ARM.Build.0 = Release|ARM
		{5D7C4110-8728-4DCA-87E5-FA4611AF2055}.Ad-Hoc|ARM.Deploy.0 = Release|ARM
		{5D7C4110-8728-4DCA-87E5-FA4611AF2055}.Ad-Hoc|iPhone.ActiveCfg = Release|Any CPU
		{5D7C4110-8728-4DCA-87E5-FA4611AF2055}.Ad-Hoc|iPhone.Build.0 = Release|Any CPU
		{5D7C4110-8728-4DCA-87E5-FA4611AF2055}.Ad-Hoc|iPhone.Deploy.0 = Release|Any CPU
		{5D7C4110-8728-4DCA-87E5-FA4611AF2055}.Ad-Hoc|iPhoneSimulator.ActiveCfg = Release|Any CPU
		{5D7C4110-8728-4DCA-87E5-FA4611AF2055}.Ad-Hoc|iPhoneSimulator.Build.0 = Release|Any CPU
		{5D7C4110-8728-4DCA-87E5-FA4611AF2055}.Ad-Hoc|iPhoneSimulator.Deploy.0 = Release|Any CPU
		{5D7C4110-8728-4DCA-87E5-FA4611AF2055}.Ad-Hoc|x64.ActiveCfg = Release|x64
		{5D7C4110-8728-4DCA-87E5-FA4611AF2055}.Ad-Hoc|x64.Build.0 = Release|x64
		{5D7C4110-8728-4DCA-87E5-FA4611AF2055}.Ad-Hoc|x64.Deploy.0 = Release|x64
		{5D7C4110-8728-4DCA-87E5-FA4611AF2055}.Ad-Hoc|x86.ActiveCfg = Release|x86
		{5D7C4110-8728-4DCA-87E5-FA4611AF2055}.Ad-Hoc|x86.Build.0 = Release|x86
		{5D7C4110-8728-4DCA-87E5-FA4611AF2055}.Ad-Hoc|x86.Deploy.0 = Release|x86
		{5D7C4110-8728-4DCA-87E5-FA4611AF2055}.AppStore|Any CPU.ActiveCfg = Release|Any CPU
		{5D7C4110-8728-4DCA-87E5-FA4611AF2055}.AppStore|Any CPU.Build.0 = Release|Any CPU
		{5D7C4110-8728-4DCA-87E5-FA4611AF2055}.AppStore|Any CPU.Deploy.0 = Release|Any CPU
		{5D7C4110-8728-4DCA-87E5-FA4611AF2055}.AppStore|ARM.ActiveCfg = Release|ARM
		{5D7C4110-8728-4DCA-87E5-FA4611AF2055}.AppStore|ARM.Build.0 = Release|ARM
		{5D7C4110-8728-4DCA-87E5-FA4611AF2055}.AppStore|ARM.Deploy.0 = Release|ARM
		{5D7C4110-8728-4DCA-87E5-FA4611AF2055}.AppStore|iPhone.ActiveCfg = Release|Any CPU
		{5D7C4110-8728-4DCA-87E5-FA4611AF2055}.AppStore|iPhone.Build.0 = Release|Any CPU
		{5D7C4110-8728-4DCA-87E5-FA4611AF2055}.AppStore|iPhone.Deploy.0 = Release|Any CPU
		{5D7C4110-8728-4DCA-87E5-FA4611AF2055}.AppStore|iPhoneSimulator.ActiveCfg = Release|Any CPU
		{5D7C4110-8728-4DCA-87E5-FA4611AF2055}.AppStore|iPhoneSimulator.Build.0 = Release|Any CPU
		{5D7C4110-8728-4DCA-87E5-FA4611AF2055}.AppStore|iPhoneSimulator.Deploy.0 = Release|Any CPU
		{5D7C4110-8728-4DCA-87E5-FA4611AF2055}.AppStore|x64.ActiveCfg = Release|x64
		{5D7C4110-8728-4DCA-87E5-FA4611AF2055}.AppStore|x64.Build.0 = Release|x64
		{5D7C4110-8728-4DCA-87E5-FA4611AF2055}.AppStore|x64.Deploy.0 = Release|x64
		{5D7C4110-8728-4DCA-87E5-FA4611AF2055}.AppStore|x86.ActiveCfg = Release|x86
		{5D7C4110-8728-4DCA-87E5-FA4611AF2055}.AppStore|x86.Build.0 = Release|x86
		{5D7C4110-8728-4DCA-87E5-FA4611AF2055}.AppStore|x86.Deploy.0 = Release|x86
		{5D7C4110-8728-4DCA-87E5-FA4611AF2055}.Debug|Any CPU.ActiveCfg = Debug|Any CPU
		{5D7C4110-8728-4DCA-87E5-FA4611AF2055}.Debug|Any CPU.Build.0 = Debug|Any CPU
		{5D7C4110-8728-4DCA-87E5-FA4611AF2055}.Debug|Any CPU.Deploy.0 = Debug|Any CPU
		{5D7C4110-8728-4DCA-87E5-FA4611AF2055}.Debug|ARM.ActiveCfg = Debug|ARM
		{5D7C4110-8728-4DCA-87E5-FA4611AF2055}.Debug|ARM.Build.0 = Debug|ARM
		{5D7C4110-8728-4DCA-87E5-FA4611AF2055}.Debug|ARM.Deploy.0 = Debug|ARM
		{5D7C4110-8728-4DCA-87E5-FA4611AF2055}.Debug|iPhone.ActiveCfg = Debug|Any CPU
		{5D7C4110-8728-4DCA-87E5-FA4611AF2055}.Debug|iPhone.Build.0 = Debug|Any CPU
		{5D7C4110-8728-4DCA-87E5-FA4611AF2055}.Debug|iPhone.Deploy.0 = Debug|Any CPU
		{5D7C4110-8728-4DCA-87E5-FA4611AF2055}.Debug|iPhoneSimulator.ActiveCfg = Debug|Any CPU
		{5D7C4110-8728-4DCA-87E5-FA4611AF2055}.Debug|iPhoneSimulator.Build.0 = Debug|Any CPU
		{5D7C4110-8728-4DCA-87E5-FA4611AF2055}.Debug|iPhoneSimulator.Deploy.0 = Debug|Any CPU
		{5D7C4110-8728-4DCA-87E5-FA4611AF2055}.Debug|x64.ActiveCfg = Debug|x64
		{5D7C4110-8728-4DCA-87E5-FA4611AF2055}.Debug|x64.Build.0 = Debug|x64
		{5D7C4110-8728-4DCA-87E5-FA4611AF2055}.Debug|x64.Deploy.0 = Debug|x64
		{5D7C4110-8728-4DCA-87E5-FA4611AF2055}.Debug|x86.ActiveCfg = Debug|x86
		{5D7C4110-8728-4DCA-87E5-FA4611AF2055}.Debug|x86.Build.0 = Debug|x86
		{5D7C4110-8728-4DCA-87E5-FA4611AF2055}.Debug|x86.Deploy.0 = Debug|x86
		{5D7C4110-8728-4DCA-87E5-FA4611AF2055}.Release|Any CPU.ActiveCfg = Release|Any CPU
		{5D7C4110-8728-4DCA-87E5-FA4611AF2055}.Release|Any CPU.Build.0 = Release|Any CPU
		{5D7C4110-8728-4DCA-87E5-FA4611AF2055}.Release|Any CPU.Deploy.0 = Release|Any CPU
		{5D7C4110-8728-4DCA-87E5-FA4611AF2055}.Release|ARM.ActiveCfg = Release|ARM
		{5D7C4110-8728-4DCA-87E5-FA4611AF2055}.Release|ARM.Build.0 = Release|ARM
		{5D7C4110-8728-4DCA-87E5-FA4611AF2055}.Release|ARM.Deploy.0 = Release|ARM
		{5D7C4110-8728-4DCA-87E5-FA4611AF2055}.Release|iPhone.ActiveCfg = Release|Any CPU
		{5D7C4110-8728-4DCA-87E5-FA4611AF2055}.Release|iPhone.Build.0 = Release|Any CPU
		{5D7C4110-8728-4DCA-87E5-FA4611AF2055}.Release|iPhone.Deploy.0 = Release|Any CPU
		{5D7C4110-8728-4DCA-87E5-FA4611AF2055}.Release|iPhoneSimulator.ActiveCfg = Release|Any CPU
		{5D7C4110-8728-4DCA-87E5-FA4611AF2055}.Release|iPhoneSimulator.Build.0 = Release|Any CPU
		{5D7C4110-8728-4DCA-87E5-FA4611AF2055}.Release|iPhoneSimulator.Deploy.0 = Release|Any CPU
		{5D7C4110-8728-4DCA-87E5-FA4611AF2055}.Release|x64.ActiveCfg = Release|x64
		{5D7C4110-8728-4DCA-87E5-FA4611AF2055}.Release|x64.Build.0 = Release|x64
		{5D7C4110-8728-4DCA-87E5-FA4611AF2055}.Release|x64.Deploy.0 = Release|x64
		{5D7C4110-8728-4DCA-87E5-FA4611AF2055}.Release|x86.ActiveCfg = Release|x86
		{5D7C4110-8728-4DCA-87E5-FA4611AF2055}.Release|x86.Build.0 = Release|x86
		{5D7C4110-8728-4DCA-87E5-FA4611AF2055}.Release|x86.Deploy.0 = Release|x86
	EndGlobalSection
	GlobalSection(SolutionProperties) = preSolution
		HideSolutionNode = FALSE
	EndGlobalSection
EndGlobal
